
Microsoft Visual Studio Solution File, Format Version 12.00
# Visual Studio Version 17
VisualStudioVersion = 17.4.33110.190
MinimumVisualStudioVersion = 10.0.40219.1
Project("{9A19103F-16F7-4668-BE54-9A1E7A4F7556}") = "CollectionData", "CollectionData.csproj", "{D723BE07-0C92-4F07-8860-85AA50FCD9E9}"
EndProject
Global
	GlobalSection(SolutionConfigurationPlatforms) = preSolution
		Debug|Any CPU = Debug|Any CPU
		Release|Any CPU = Release|Any CPU
	EndGlobalSection
	GlobalSection(ProjectConfigurationPlatforms) = postSolution
		{D723BE07-0C92-4F07-8860-85AA50FCD9E9}.Debug|Any CPU.ActiveCfg = Debug|Any CPU
		{D723BE07-0C92-4F07-8860-85AA50FCD9E9}.Debug|Any CPU.Build.0 = Debug|Any CPU
		{D723BE07-0C92-4F07-8860-85AA50FCD9E9}.Release|Any CPU.ActiveCfg = Release|Any CPU
		{D723BE07-0C92-4F07-8860-85AA50FCD9E9}.Release|Any CPU.Build.0 = Release|Any CPU
	EndGlobalSection
	GlobalSection(SolutionProperties) = preSolution
		HideSolutionNode = FALSE
	EndGlobalSection
	GlobalSection(ExtensibilityGlobals) = postSolution
		SolutionGuid = {A6FD0B93-FC5E-4E4D-AF94-A470A4E9A20B}
	EndGlobalSection
EndGlobal
